// !$*UTF8*$!
{
	archiveVersion = 1;
	classes = {
	};
	objectVersion = 50;
	objects = {

/* Begin PBXBuildFile section */
		A5AB907B21C25A26004695FD /* main.m in Sources */ = {isa = PBXBuildFile; fileRef = A5AB907A21C25A26004695FD /* main.m */; };
		A5AB908321C25A43004695FD /* XXQueue.m in Sources */ = {isa = PBXBuildFile; fileRef = A5AB908221C25A43004695FD /* XXQueue.m */; };
		A5AB908621C25A49004695FD /* XXStack.m in Sources */ = {isa = PBXBuildFile; fileRef = A5AB908521C25A49004695FD /* XXStack.m */; };
/* End PBXBuildFile section */

/* Begin PBXCopyFilesBuildPhase section */
		A5AB907521C25A26004695FD /* CopyFiles */ = {
			isa = PBXCopyFilesBuildPhase;
			buildActionMask = 2147483647;
			dstPath = /usr/share/man/man1/;
			dstSubfolderSpec = 0;
			files = (
			);
			runOnlyForDeploymentPostprocessing = 1;
		};
/* End PBXCopyFilesBuildPhase section */

/* Begin PBXFileReference section */
		A5AB907721C25A26004695FD /* QueueToStack_OC_LeetCode_225 */ = {isa = PBXFileReference; explicitFileType = "compiled.mach-o.executable"; includeInIndex = 0; path = QueueToStack_OC_LeetCode_225; sourceTree = BUILT_PRODUCTS_DIR; };
		A5AB907A21C25A26004695FD /* main.m */ = {isa = PBXFileReference; lastKnownFileType = sourcecode.c.objc; path = main.m; sourceTree = "<group>"; };
		A5AB908121C25A43004695FD /* XXQueue.h */ = {isa = PBXFileReference; lastKnownFileType = sourcecode.c.h; path = XXQueue.h; sourceTree = "<group>"; };
		A5AB908221C25A43004695FD /* XXQueue.m */ = {isa = PBXFileReference; lastKnownFileType = sourcecode.c.objc; path = XXQueue.m; sourceTree = "<group>"; };
		A5AB908421C25A49004695FD /* XXStack.h */ = {isa = PBXFileReference; lastKnownFileType = sourcecode.c.h; path = XXStack.h; sourceTree = "<group>"; };
		A5AB908521C25A49004695FD /* XXStack.m */ = {isa = PBXFileReference; lastKnownFileType = sourcecode.c.objc; path = XXStack.m; sourceTree = "<group>"; };
/* End PBXFileReference section */

/* Begin PBXFrameworksBuildPhase section */
		A5AB907421C25A26004695FD /* Frameworks */ = {
			isa = PBXFrameworksBuildPhase;
			buildActionMask = 2147483647;
			files = (
			);
			runOnlyForDeploymentPostprocessing = 0;
		};
/* End PBXFrameworksBuildPhase section */

/* Begin PBXGroup section */
		A5AB906E21C25A26004695FD = {
			isa = PBXGroup;
			children = (
				A5AB907921C25A26004695FD /* QueueToStack_OC_LeetCode_225 */,
				A5AB907821C25A26004695FD /* Products */,
			);
			sourceTree = "<group>";
		};
		A5AB907821C25A26004695FD /* Products */ = {
			isa = PBXGroup;
			children = (
				A5AB907721C25A26004695FD /* QueueToStack_OC_LeetCode_225 */,
			);
			name = Products;
			sourceTree = "<group>";
		};
		A5AB907921C25A26004695FD /* QueueToStack_OC_LeetCode_225 */ = {
			isa = PBXGroup;
			children = (
				A5AB907A21C25A26004695FD /* main.m */,
				A5AB908121C25A43004695FD /* XXQueue.h */,
				A5AB908221C25A43004695FD /* XXQueue.m */,
				A5AB908421C25A49004695FD /* XXStack.h */,
				A5AB908521C25A49004695FD /* XXStack.m */,
			);
			path = QueueToStack_OC_LeetCode_225;
			sourceTree = "<group>";
		};
/* End PBXGroup section */

/* Begin PBXNativeTarget section */
		A5AB907621C25A26004695FD /* QueueToStack_OC_LeetCode_225 */ = {
			isa = PBXNativeTarget;
			buildConfigurationList = A5AB907E21C25A26004695FD /* Build configuration list for PBXNativeTarget "QueueToStack_OC_LeetCode_225" */;
			buildPhases = (
				A5AB907321C25A26004695FD /* Sources */,
				A5AB907421C25A26004695FD /* Frameworks */,
				A5AB907521C25A26004695FD /* CopyFiles */,
			);
			buildRules = (
			);
			dependencies = (
			);
			name = QueueToStack_OC_LeetCode_225;
			productName = QueueToStack_OC_LeetCode_225;
			productReference = A5AB907721C25A26004695FD /* QueueToStack_OC_LeetCode_225 */;
			productType = "com.apple.product-type.tool";
		};
/* End PBXNativeTarget section */

/* Begin PBXProject section */
		A5AB906F21C25A26004695FD /* Project object */ = {
			isa = PBXProject;
			attributes = {
				LastUpgradeCheck = 1010;
				ORGANIZATIONNAME = Eleven;
				TargetAttributes = {
					A5AB907621C25A26004695FD = {
						CreatedOnToolsVersion = 10.1;
					};
				};
			};
			buildConfigurationList = A5AB907221C25A26004695FD /* Build configuration list for PBXProject "QueueToStack_OC_LeetCode_225" */;
			compatibilityVersion = "Xcode 9.3";
			developmentRegion = en;
			hasScannedForEncodings = 0;
			knownRegions = (
				en,
			);
			mainGroup = A5AB906E21C25A26004695FD;
			productRefGroup = A5AB907821C25A26004695FD /* Products */;
			projectDirPath = "";
			projectRoot = "";
			targets = (
				A5AB907621C25A26004695FD /* QueueToStack_OC_LeetCode_225 */,
			);
		};
/* End PBXProject section */

/* Begin PBXSourcesBuildPhase section */
		A5AB907321C25A26004695FD /* Sources */ = {
			isa = PBXSourcesBuildPhase;
			buildActionMask = 2147483647;
			files = (
				A5AB907B21C25A26004695FD /* main.m in Sources */,
				A5AB908621C25A49004695FD /* XXStack.m in Sources */,
				A5AB908321C25A43004695FD /* XXQueue.m in Sources */,
			);
			runOnlyForDeploymentPostprocessing = 0;
		};
/* End PBXSourcesBuildPhase section */

/* Begin XCBuildConfiguration section */
		A5AB907C21C25A26004695FD /* Debug */ = {
			isa = XCBuildConfiguration;
			buildSettings = {
				ALWAYS_SEARCH_USER_PATHS = NO;
				CLANG_ANALYZER_NONNULL = YES;
				CLANG_ANALYZER_NUMBER_OBJECT_CONVERSION = YES_AGGRESSIVE;
				CLANG_CXX_LANGUAGE_STANDARD = "gnu++14";
				CLANG_CXX_LIBRARY = "libc++";
				CLANG_ENABLE_MODULES = YES;
				CLANG_ENABLE_OBJC_ARC = YES;
				CLANG_ENABLE_OBJC_WEAK = YES;
				CLANG_WARN_BLOCK_CAPTURE_AUTORELEASING = YES;
				CLANG_WARN_BOOL_CONVERSION = YES;
				CLANG_WARN_COMMA = YES;
				CLANG_WARN_CONSTANT_CONVERSION = YES;
				CLANG_WARN_DEPRECATED_OBJC_IMPLEMENTATIONS = YES;
				CLANG_WARN_DIRECT_OBJC_ISA_USAGE = YES_ERROR;
				CLANG_WARN_DOCUMENTATION_COMMENTS = YES;
				CLANG_WARN_EMPTY_BODY = YES;
				CLANG_WARN_ENUM_CONVERSION = YES;
				CLANG_WARN_INFINITE_RECURSION = YES;
				CLANG_WARN_INT_CONVERSION = YES;
				CLANG_WARN_NON_LITERAL_NULL_CONVERSION = YES;
				CLANG_WARN_OBJC_IMPLICIT_RETAIN_SELF = YES;
				CLANG_WARN_OBJC_LITERAL_CONVERSION = YES;
				CLANG_WARN_OBJC_ROOT_CLASS = YES_ERROR;
				CLANG_WARN_RANGE_LOOP_ANALYSIS = YES;
				CLANG_WARN_STRICT_PROTOTYPES = YES;
				CLANG_WARN_SUSPICIOUS_MOVE = YES;
				CLANG_WARN_UNGUARDED_AVAILABILITY = YES_AGGRESSIVE;
				CLANG_WARN_UNREACHABLE_CODE = YES;
				CLANG_WARN__DUPLICATE_METHOD_MATCH = YES;
				CODE_SIGN_IDENTITY = "-";
				COPY_PHASE_STRIP = NO;
				DEBUG_INFORMATION_FORMAT = dwarf;
				ENABLE_STRICT_OBJC_MSGSEND = YES;
				ENABLE_TESTABILITY = YES;
				GCC_C_LANGUAGE_STANDARD = gnu11;
				GCC_DYNAMIC_NO_PIC = NO;
				GCC_NO_COMMON_BLOCKS = YES;
				GCC_OPTIMIZATION_LEVEL = 0;
				GCC_PREPROCESSOR_DEFINITIONS = (
					"DEBUG=1",
					"$(inherited)",
				);
				GCC_WARN_64_TO_32_BIT_CONVERSION = YES;
				GCC_WARN_ABOUT_RETURN_TYPE = YES_ERROR;
				GCC_WARN_UNDECLARED_SELECTOR = YES;
				GCC_WARN_UNINITIALIZED_AUTOS = YES_AGGRESSIVE;
				GCC_WARN_UNUSED_FUNCTION = YES;
				GCC_WARN_UNUSED_VARIABLE = YES;
				MACOSX_DEPLOYMENT_TARGET = 10.14;
				MTL_ENABLE_DEBUG_INFO = INCLUDE_SOURCE;
				MTL_FAST_MATH = YES;
				ONLY_ACTIVE_ARCH = YES;
				SDKROOT = macosx;
			};
			name = Debug;
		};
		A5AB907D21C25A26004695FD /* Release */ = {
			isa = XCBuildConfiguration;
			buildSettings = {
				ALWAYS_SEARCH_USER_PATHS = NO;
				CLANG_ANALYZER_NONNULL = YES;
				CLANG_ANALYZER_NUMBER_OBJECT_CONVERSION = YES_AGGRESSIVE;
				CLANG_CXX_LANGUAGE_STANDARD = "gnu++14";
				CLANG_CXX_LIBRARY = "libc++";
				CLANG_ENABLE_MODULES = YES;
				CLANG_ENABLE_OBJC_ARC = YES;
				CLANG_ENABLE_OBJC_WEAK = YES;
				CLANG_WARN_BLOCK_CAPTURE_AUTORELEASING = YES;
				CLANG_WARN_BOOL_CONVERSION = YES;
				CLANG_WARN_COMMA = YES;
				CLANG_WARN_CONSTANT_CONVERSION = YES;
				CLANG_WARN_DEPRECATED_OBJC_IMPLEMENTATIONS = YES;
				CLANG_WARN_DIRECT_OBJC_ISA_USAGE = YES_ERROR;
				CLANG_WARN_DOCUMENTATION_COMMENTS = YES;
				CLANG_WARN_EMPTY_BODY = YES;
				CLANG_WARN_ENUM_CONVERSION = YES;
				CLANG_WARN_INFINITE_RECURSION = YES;
				CLANG_WARN_INT_CONVERSION = YES;
				CLANG_WARN_NON_LITERAL_NULL_CONVERSION = YES;
				CLANG_WARN_OBJC_IMPLICIT_RETAIN_SELF = YES;
				CLANG_WARN_OBJC_LITERAL_CONVERSION = YES;
				CLANG_WARN_OBJC_ROOT_CLASS = YES_ERROR;
				CLANG_WARN_RANGE_LOOP_ANALYSIS = YES;
				CLANG_WARN_STRICT_PROTOTYPES = YES;
				CLANG_WARN_SUSPICIOUS_MOVE = YES;
				CLANG_WARN_UNGUARDED_AVAILABILITY = YES_AGGRESSIVE;
				CLANG_WARN_UNREACHABLE_CODE = YES;
				CLANG_WARN__DUPLICATE_METHOD_MATCH = YES;
				CODE_SIGN_IDENTITY = "-";
				COPY_PHASE_STRIP = NO;
				DEBUG_INFORMATION_FORMAT = "dwarf-with-dsym";
				ENABLE_NS_ASSERTIONS = NO;
				ENABLE_STRICT_OBJC_MSGSEND = YES;
				GCC_C_LANGUAGE_STANDARD = gnu11;
				GCC_NO_COMMON_BLOCKS = YES;
				GCC_WARN_64_TO_32_BIT_CONVERSION = YES;
				GCC_WARN_ABOUT_RETURN_TYPE = YES_ERROR;
				GCC_WARN_UNDECLARED_SELECTOR = YES;
				GCC_WARN_UNINITIALIZED_AUTOS = YES_AGGRESSIVE;
				GCC_WARN_UNUSED_FUNCTION = YES;
				GCC_WARN_UNUSED_VARIABLE = YES;
				MACOSX_DEPLOYMENT_TARGET = 10.14;
				MTL_ENABLE_DEBUG_INFO = NO;
				MTL_FAST_MATH = YES;
				SDKROOT = macosx;
			};
			name = Release;
		};
		A5AB907F21C25A26004695FD /* Debug */ = {
			isa = XCBuildConfiguration;
			buildSettings = {
				CODE_SIGN_STYLE = Automatic;
				PRODUCT_NAME = "$(TARGET_NAME)";
			};
			name = Debug;
		};
		A5AB908021C25A26004695FD /* Release */ = {
			isa = XCBuildConfiguration;
			buildSettings = {
				CODE_SIGN_STYLE = Automatic;
				PRODUCT_NAME = "$(TARGET_NAME)";
			};
			name = Release;
		};
/* End XCBuildConfiguration section */

/* Begin XCConfigurationList section */
		A5AB907221C25A26004695FD /* Build configuration list for PBXProject "QueueToStack_OC_LeetCode_225" */ = {
			isa = XCConfigurationList;
			buildConfigurations = (
				A5AB907C21C25A26004695FD /* Debug */,
				A5AB907D21C25A26004695FD /* Release */,
			);
			defaultConfigurationIsVisible = 0;
			defaultConfigurationName = Release;
		};
		A5AB907E21C25A26004695FD /* Build configuration list for PBXNativeTarget "QueueToStack_OC_LeetCode_225" */ = {
			isa = XCConfigurationList;
			buildConfigurations = (
				A5AB907F21C25A26004695FD /* Debug */,
				A5AB908021C25A26004695FD /* Release */,
			);
			defaultConfigurationIsVisible = 0;
			defaultConfigurationName = Release;
		};
/* End XCConfigurationList section */
	};
	rootObject = A5AB906F21C25A26004695FD /* Project object */;
}
